
Microsoft Visual Studio Solution File, Format Version 12.00
# Visual Studio 15
VisualStudioVersion = 15.0.27428.2037
MinimumVisualStudioVersion = 10.0.40219.1
Project("{FAE04EC0-301F-11D3-BF4B-00C04F79EFBC}") = "PdfSeparator", "PdfSeparator\PdfSeparator.csproj", "{AE6564D0-CE69-433E-9ABA-60EA572B91C4}"
EndProject
Global
	GlobalSection(SolutionConfigurationPlatforms) = preSolution
		Debug|Any CPU = Debug|Any CPU
		Release|Any CPU = Release|Any CPU
	EndGlobalSection
	GlobalSection(ProjectConfigurationPlatforms) = postSolution
		{AE6564D0-CE69-433E-9ABA-60EA572B91C4}.Debug|Any CPU.ActiveCfg = Debug|Any CPU
		{AE6564D0-CE69-433E-9ABA-60EA572B91C4}.Debug|Any CPU.Build.0 = Debug|Any CPU
		{AE6564D0-CE69-433E-9ABA-60EA572B91C4}.Release|Any CPU.ActiveCfg = Release|Any CPU
		{AE6564D0-CE69-433E-9ABA-60EA572B91C4}.Release|Any CPU.Build.0 = Release|Any CPU
	EndGlobalSection
	GlobalSection(SolutionProperties) = preSolution
		HideSolutionNode = FALSE
	EndGlobalSection
	GlobalSection(ExtensibilityGlobals) = postSolution
		SolutionGuid = {BC7E3D05-42C3-4694-B800-195472D6654E}
	EndGlobalSection
EndGlobal
