
Microsoft Visual Studio Solution File, Format Version 12.00
# Visual Studio 15
VisualStudioVersion = 15.0.27428.2037
MinimumVisualStudioVersion = 10.0.40219.1
Project("{FAE04EC0-301F-11D3-BF4B-00C04F79EFBC}") = "PdfSeparator", "PdfSeparator\PdfSeparator.csproj", "{AE6564D0-CE69-433E-9ABA-60EA572B91C4}"
EndProject
Project("{FAE04EC0-301F-11D3-BF4B-00C04F79EFBC}") = "TestApp", "TestApp\TestApp.csproj", "{B685194B-338F-4B4E-91FA-47383913EC06}"
EndProject
Project("{2150E333-8FDC-42A3-9474-1A3956D46DE8}") = "Tests", "Tests", "{D7885814-AA8A-497B-879C-6A6FDFA0CAA8}"
EndProject
Project("{FAE04EC0-301F-11D3-BF4B-00C04F79EFBC}") = "PdfSeparator.Model", "PdfSeparator.Model\PdfSeparator.Model.csproj", "{56502403-4313-4B0C-BCD5-65FB2AB4D21C}"
EndProject
Project("{FAE04EC0-301F-11D3-BF4B-00C04F79EFBC}") = "PdfSeparatorTest", "PdfSeparatorTest\PdfSeparatorTest.csproj", "{C0C44E3D-48C9-471D-8CE1-F538A9067D8F}"
EndProject
Project("{FAE04EC0-301F-11D3-BF4B-00C04F79EFBC}") = "Logger.Component.Test", "Logger.Component.Test\Logger.Component.Test.csproj", "{04A6F16F-F351-4222-9DA5-11B87F27BBAE}"
EndProject
Project("{FAE04EC0-301F-11D3-BF4B-00C04F79EFBC}") = "TestConsoleApp", "TestConsoleApp\TestConsoleApp.csproj", "{F13DF0BE-14C9-411D-B95A-337DBA81E3AC}"
EndProject
Project("{FAE04EC0-301F-11D3-BF4B-00C04F79EFBC}") = "IPage.Test", "IPage.Test\IPage.Test.csproj", "{9EE2A135-991E-44E9-AEC8-11D21F10A214}"
EndProject
Global
	GlobalSection(SolutionConfigurationPlatforms) = preSolution
		Debug|Any CPU = Debug|Any CPU
		Release|Any CPU = Release|Any CPU
	EndGlobalSection
	GlobalSection(ProjectConfigurationPlatforms) = postSolution
		{AE6564D0-CE69-433E-9ABA-60EA572B91C4}.Debug|Any CPU.ActiveCfg = Debug|Any CPU
		{AE6564D0-CE69-433E-9ABA-60EA572B91C4}.Debug|Any CPU.Build.0 = Debug|Any CPU
		{AE6564D0-CE69-433E-9ABA-60EA572B91C4}.Release|Any CPU.ActiveCfg = Release|Any CPU
		{AE6564D0-CE69-433E-9ABA-60EA572B91C4}.Release|Any CPU.Build.0 = Release|Any CPU
		{B685194B-338F-4B4E-91FA-47383913EC06}.Debug|Any CPU.ActiveCfg = Debug|Any CPU
		{B685194B-338F-4B4E-91FA-47383913EC06}.Debug|Any CPU.Build.0 = Debug|Any CPU
		{B685194B-338F-4B4E-91FA-47383913EC06}.Release|Any CPU.ActiveCfg = Release|Any CPU
		{B685194B-338F-4B4E-91FA-47383913EC06}.Release|Any CPU.Build.0 = Release|Any CPU
		{56502403-4313-4B0C-BCD5-65FB2AB4D21C}.Debug|Any CPU.ActiveCfg = Debug|Any CPU
		{56502403-4313-4B0C-BCD5-65FB2AB4D21C}.Debug|Any CPU.Build.0 = Debug|Any CPU
		{56502403-4313-4B0C-BCD5-65FB2AB4D21C}.Release|Any CPU.ActiveCfg = Release|Any CPU
		{56502403-4313-4B0C-BCD5-65FB2AB4D21C}.Release|Any CPU.Build.0 = Release|Any CPU
		{C0C44E3D-48C9-471D-8CE1-F538A9067D8F}.Debug|Any CPU.ActiveCfg = Debug|Any CPU
		{C0C44E3D-48C9-471D-8CE1-F538A9067D8F}.Debug|Any CPU.Build.0 = Debug|Any CPU
		{C0C44E3D-48C9-471D-8CE1-F538A9067D8F}.Release|Any CPU.ActiveCfg = Release|Any CPU
		{C0C44E3D-48C9-471D-8CE1-F538A9067D8F}.Release|Any CPU.Build.0 = Release|Any CPU
		{04A6F16F-F351-4222-9DA5-11B87F27BBAE}.Debug|Any CPU.ActiveCfg = Debug|Any CPU
		{04A6F16F-F351-4222-9DA5-11B87F27BBAE}.Debug|Any CPU.Build.0 = Debug|Any CPU
		{04A6F16F-F351-4222-9DA5-11B87F27BBAE}.Release|Any CPU.ActiveCfg = Release|Any CPU
		{04A6F16F-F351-4222-9DA5-11B87F27BBAE}.Release|Any CPU.Build.0 = Release|Any CPU
		{F13DF0BE-14C9-411D-B95A-337DBA81E3AC}.Debug|Any CPU.ActiveCfg = Debug|Any CPU
		{F13DF0BE-14C9-411D-B95A-337DBA81E3AC}.Debug|Any CPU.Build.0 = Debug|Any CPU
		{F13DF0BE-14C9-411D-B95A-337DBA81E3AC}.Release|Any CPU.ActiveCfg = Release|Any CPU
		{F13DF0BE-14C9-411D-B95A-337DBA81E3AC}.Release|Any CPU.Build.0 = Release|Any CPU
		{9EE2A135-991E-44E9-AEC8-11D21F10A214}.Debug|Any CPU.ActiveCfg = Debug|Any CPU
		{9EE2A135-991E-44E9-AEC8-11D21F10A214}.Debug|Any CPU.Build.0 = Debug|Any CPU
		{9EE2A135-991E-44E9-AEC8-11D21F10A214}.Release|Any CPU.ActiveCfg = Release|Any CPU
		{9EE2A135-991E-44E9-AEC8-11D21F10A214}.Release|Any CPU.Build.0 = Release|Any CPU
	EndGlobalSection
	GlobalSection(SolutionProperties) = preSolution
		HideSolutionNode = FALSE
	EndGlobalSection
	GlobalSection(NestedProjects) = preSolution
		{C0C44E3D-48C9-471D-8CE1-F538A9067D8F} = {D7885814-AA8A-497B-879C-6A6FDFA0CAA8}
		{04A6F16F-F351-4222-9DA5-11B87F27BBAE} = {D7885814-AA8A-497B-879C-6A6FDFA0CAA8}
		{9EE2A135-991E-44E9-AEC8-11D21F10A214} = {D7885814-AA8A-497B-879C-6A6FDFA0CAA8}
	EndGlobalSection
	GlobalSection(ExtensibilityGlobals) = postSolution
		SolutionGuid = {BC7E3D05-42C3-4694-B800-195472D6654E}
	EndGlobalSection
EndGlobal
